
Microsoft Visual Studio Solution File, Format Version 12.00
# Visual Studio Version 16
VisualStudioVersion = 16.0.31112.23
MinimumVisualStudioVersion = 10.0.40219.1
Project("{FAE04EC0-301F-11D3-BF4B-00C04F79EFBC}") = "PhoneBook_DrinkCompany", "PhoneBook_DrinkCompany.csproj", "{63E3A218-23C8-4FDC-AD51-9155B8EEAEBD}"
EndProject
Global
	GlobalSection(SolutionConfigurationPlatforms) = preSolution
		Debug|Any CPU = Debug|Any CPU
		Release|Any CPU = Release|Any CPU
	EndGlobalSection
	GlobalSection(ProjectConfigurationPlatforms) = postSolution
		{63E3A218-23C8-4FDC-AD51-9155B8EEAEBD}.Debug|Any CPU.ActiveCfg = Debug|Any CPU
		{63E3A218-23C8-4FDC-AD51-9155B8EEAEBD}.Debug|Any CPU.Build.0 = Debug|Any CPU
		{63E3A218-23C8-4FDC-AD51-9155B8EEAEBD}.Release|Any CPU.ActiveCfg = Release|Any CPU
		{63E3A218-23C8-4FDC-AD51-9155B8EEAEBD}.Release|Any CPU.Build.0 = Release|Any CPU
	EndGlobalSection
	GlobalSection(SolutionProperties) = preSolution
		HideSolutionNode = FALSE
	EndGlobalSection
	GlobalSection(ExtensibilityGlobals) = postSolution
		SolutionGuid = {0B543AB0-7177-4BF7-9671-C2099F2DE9EB}
	EndGlobalSection
EndGlobal
